{
    "_readme": [
        "This file locks the dependencies of your project to a known state",
        "Read more about it at http://getcomposer.org/doc/01-basic-usage.md#composer-lock-the-lock-file"
    ],
    "hash": "27d404817042b30f0feaf90e72ec2b10",
    "packages": [
        {
            "name": "orbisnull/dtpl",
            "version": "dev-master",
            "source": {
                "type": "git",
                "url": "https://github.com/orbisnull/dTpl.git",
                "reference": "59296fb1bfb437fd854e57df227f509454e623fc"
            },
            "dist": {
                "type": "zip",
                "url": "https://api.github.com/repos/orbisnull/dTpl/zipball/59296fb1bfb437fd854e57df227f509454e623fc",
                "reference": "59296fb1bfb437fd854e57df227f509454e623fc",
                "shasum": ""
            },
            "type": "library",
            "autoload": {
                "psr-0": {
                    "dTpl": "src/"
                }
            },
            "notification-url": "https://packagist.org/downloads/",
            "license": [
                "GPL-3.0+"
            ],
            "authors": [
                {
                    "name": "orbisnull",
                    "email": "zen4dev@gmail.com"
                }
            ],
            "description": "small base template engine",
            "time": "2013-12-20 08:46:50"
        }
    ],
    "packages-dev": [

    ],
    "aliases": [

    ],
    "minimum-stability": "dev",
    "stability-flags": {
        "orbisnull/dtpl": 20
    },
    "platform": [

    ],
    "platform-dev": [

    ]
}
